
Microsoft Visual Studio Solution File, Format Version 12.00
# Visual Studio Version 16
VisualStudioVersion = 16.0.31313.79
MinimumVisualStudioVersion = 10.0.40219.1
Project("{FAE04EC0-301F-11D3-BF4B-00C04F79EFBC}") = "Library", "Library\Library.csproj", "{E74E818A-308F-4509-8645-BD0D68F499E3}"
EndProject
Project("{FAE04EC0-301F-11D3-BF4B-00C04F79EFBC}") = "FrmCore", "FrmCore\FrmCore.csproj", "{D39376F2-A86C-406A-8AE5-939747692DD4}"
EndProject
Global
	GlobalSection(SolutionConfigurationPlatforms) = preSolution
		Debug|Any CPU = Debug|Any CPU
		Release|Any CPU = Release|Any CPU
	EndGlobalSection
	GlobalSection(ProjectConfigurationPlatforms) = postSolution
		{E74E818A-308F-4509-8645-BD0D68F499E3}.Debug|Any CPU.ActiveCfg = Debug|Any CPU
		{E74E818A-308F-4509-8645-BD0D68F499E3}.Debug|Any CPU.Build.0 = Debug|Any CPU
		{E74E818A-308F-4509-8645-BD0D68F499E3}.Release|Any CPU.ActiveCfg = Release|Any CPU
		{E74E818A-308F-4509-8645-BD0D68F499E3}.Release|Any CPU.Build.0 = Release|Any CPU
		{D39376F2-A86C-406A-8AE5-939747692DD4}.Debug|Any CPU.ActiveCfg = Debug|Any CPU
		{D39376F2-A86C-406A-8AE5-939747692DD4}.Debug|Any CPU.Build.0 = Debug|Any CPU
		{D39376F2-A86C-406A-8AE5-939747692DD4}.Release|Any CPU.ActiveCfg = Release|Any CPU
		{D39376F2-A86C-406A-8AE5-939747692DD4}.Release|Any CPU.Build.0 = Release|Any CPU
	EndGlobalSection
	GlobalSection(SolutionProperties) = preSolution
		HideSolutionNode = FALSE
	EndGlobalSection
	GlobalSection(ExtensibilityGlobals) = postSolution
		SolutionGuid = {A8E43B3F-BED6-4526-A3E4-A9A4F9E32AB0}
	EndGlobalSection
EndGlobal
