
Microsoft Visual Studio Solution File, Format Version 12.00
# Visual Studio Version 16
VisualStudioVersion = 16.0.31112.23
MinimumVisualStudioVersion = 10.0.40219.1
Project("{FAE04EC0-301F-11D3-BF4B-00C04F79EFBC}") = "LabNet2021.Entities", "LabNet2021.Entities\LabNet2021.Entities.csproj", "{55FC648C-B056-4BB1-AA34-8C0C5CED63C2}"
EndProject
Project("{FAE04EC0-301F-11D3-BF4B-00C04F79EFBC}") = "LabNet2021.Logic", "LabNet2021.Logic\LabNet2021.Logic.csproj", "{6660E3F2-5FE1-401B-946D-715939857C7F}"
EndProject
Project("{FAE04EC0-301F-11D3-BF4B-00C04F79EFBC}") = "LabNet2021.Data", "LabNet2021.Data\LabNet2021.Data.csproj", "{802D4399-72ED-4878-B4F4-094F110398F5}"
EndProject
Project("{FAE04EC0-301F-11D3-BF4B-00C04F79EFBC}") = "LabNet2021.UI", "LabNet2021.UI\LabNet2021.UI.csproj", "{565B2A53-DB41-479C-95C8-599CF688387E}"
EndProject
Project("{FAE04EC0-301F-11D3-BF4B-00C04F79EFBC}") = "LabNet2021.Test", "LabNet2021.Test\LabNet2021.Test.csproj", "{F23949CA-A938-4F78-8EDB-6B4A7D39D662}"
EndProject
Project("{FAE04EC0-301F-11D3-BF4B-00C04F79EFBC}") = "LabNet2021.MVC", "LabNet2021.MVC\LabNet2021.MVC.csproj", "{3512CBF5-CAC8-4727-A322-4491C2463FA6}"
EndProject
Project("{FAE04EC0-301F-11D3-BF4B-00C04F79EFBC}") = "LabNet2021.WebApi", "LabNet2021.WebApi\LabNet2021.WebApi.csproj", "{08E47CCC-20B8-4BD3-89D5-D60B214C0C5C}"
EndProject
Project("{FAE04EC0-301F-11D3-BF4B-00C04F79EFBC}") = "LabNet2021.Models", "LabNet2021.Models\LabNet2021.Models.csproj", "{CE4088C6-AEB5-4CD7-A162-7DFECC0C623E}"
EndProject
Global
	GlobalSection(SolutionConfigurationPlatforms) = preSolution
		Debug|Any CPU = Debug|Any CPU
		Release|Any CPU = Release|Any CPU
	EndGlobalSection
	GlobalSection(ProjectConfigurationPlatforms) = postSolution
		{55FC648C-B056-4BB1-AA34-8C0C5CED63C2}.Debug|Any CPU.ActiveCfg = Debug|Any CPU
		{55FC648C-B056-4BB1-AA34-8C0C5CED63C2}.Debug|Any CPU.Build.0 = Debug|Any CPU
		{55FC648C-B056-4BB1-AA34-8C0C5CED63C2}.Release|Any CPU.ActiveCfg = Release|Any CPU
		{55FC648C-B056-4BB1-AA34-8C0C5CED63C2}.Release|Any CPU.Build.0 = Release|Any CPU
		{6660E3F2-5FE1-401B-946D-715939857C7F}.Debug|Any CPU.ActiveCfg = Debug|Any CPU
		{6660E3F2-5FE1-401B-946D-715939857C7F}.Debug|Any CPU.Build.0 = Debug|Any CPU
		{6660E3F2-5FE1-401B-946D-715939857C7F}.Release|Any CPU.ActiveCfg = Release|Any CPU
		{6660E3F2-5FE1-401B-946D-715939857C7F}.Release|Any CPU.Build.0 = Release|Any CPU
		{802D4399-72ED-4878-B4F4-094F110398F5}.Debug|Any CPU.ActiveCfg = Debug|Any CPU
		{802D4399-72ED-4878-B4F4-094F110398F5}.Debug|Any CPU.Build.0 = Debug|Any CPU
		{802D4399-72ED-4878-B4F4-094F110398F5}.Release|Any CPU.ActiveCfg = Release|Any CPU
		{802D4399-72ED-4878-B4F4-094F110398F5}.Release|Any CPU.Build.0 = Release|Any CPU
		{565B2A53-DB41-479C-95C8-599CF688387E}.Debug|Any CPU.ActiveCfg = Debug|Any CPU
		{565B2A53-DB41-479C-95C8-599CF688387E}.Debug|Any CPU.Build.0 = Debug|Any CPU
		{565B2A53-DB41-479C-95C8-599CF688387E}.Release|Any CPU.ActiveCfg = Release|Any CPU
		{565B2A53-DB41-479C-95C8-599CF688387E}.Release|Any CPU.Build.0 = Release|Any CPU
		{F23949CA-A938-4F78-8EDB-6B4A7D39D662}.Debug|Any CPU.ActiveCfg = Debug|Any CPU
		{F23949CA-A938-4F78-8EDB-6B4A7D39D662}.Debug|Any CPU.Build.0 = Debug|Any CPU
		{F23949CA-A938-4F78-8EDB-6B4A7D39D662}.Release|Any CPU.ActiveCfg = Release|Any CPU
		{F23949CA-A938-4F78-8EDB-6B4A7D39D662}.Release|Any CPU.Build.0 = Release|Any CPU
		{3512CBF5-CAC8-4727-A322-4491C2463FA6}.Debug|Any CPU.ActiveCfg = Debug|Any CPU
		{3512CBF5-CAC8-4727-A322-4491C2463FA6}.Debug|Any CPU.Build.0 = Debug|Any CPU
		{3512CBF5-CAC8-4727-A322-4491C2463FA6}.Release|Any CPU.ActiveCfg = Release|Any CPU
		{3512CBF5-CAC8-4727-A322-4491C2463FA6}.Release|Any CPU.Build.0 = Release|Any CPU
		{08E47CCC-20B8-4BD3-89D5-D60B214C0C5C}.Debug|Any CPU.ActiveCfg = Debug|Any CPU
		{08E47CCC-20B8-4BD3-89D5-D60B214C0C5C}.Debug|Any CPU.Build.0 = Debug|Any CPU
		{08E47CCC-20B8-4BD3-89D5-D60B214C0C5C}.Release|Any CPU.ActiveCfg = Release|Any CPU
		{08E47CCC-20B8-4BD3-89D5-D60B214C0C5C}.Release|Any CPU.Build.0 = Release|Any CPU
		{CE4088C6-AEB5-4CD7-A162-7DFECC0C623E}.Debug|Any CPU.ActiveCfg = Debug|Any CPU
		{CE4088C6-AEB5-4CD7-A162-7DFECC0C623E}.Debug|Any CPU.Build.0 = Debug|Any CPU
		{CE4088C6-AEB5-4CD7-A162-7DFECC0C623E}.Release|Any CPU.ActiveCfg = Release|Any CPU
		{CE4088C6-AEB5-4CD7-A162-7DFECC0C623E}.Release|Any CPU.Build.0 = Release|Any CPU
	EndGlobalSection
	GlobalSection(SolutionProperties) = preSolution
		HideSolutionNode = FALSE
	EndGlobalSection
	GlobalSection(ExtensibilityGlobals) = postSolution
		SolutionGuid = {CA67CBE6-682A-4F1F-AE80-816A8C3EC7FE}
	EndGlobalSection
EndGlobal
